{
    "_readme": [
        "This file locks the dependencies of your project to a known state",
        "Read more about it at http://getcomposer.org/doc/01-basic-usage.md#composer-lock-the-lock-file",
        "This file is @generated automatically"
    ],
    "hash": "b84a2822ac9dbda43287efe3663d67b9",
    "packages": [
        {
            "name": "contao-community-alliance/composer-plugin",
            "version": "2.3.3",
            "source": {
                "type": "git",
                "url": "https://github.com/contao-community-alliance/composer-plugin.git",
                "reference": "0af8ad67c9c584adda04cf5643ade7c38056c2c4"
            },
            "dist": {
                "type": "zip",
                "url": "https://api.github.com/repos/contao-community-alliance/composer-plugin/zipball/0af8ad67c9c584adda04cf5643ade7c38056c2c4",
                "reference": "0af8ad67c9c584adda04cf5643ade7c38056c2c4",
                "shasum": ""
            },
            "require": {
                "composer-plugin-api": "1.0.0",
                "php": ">=5.3.2"
            },
            "conflict": {
                "contao-community-alliance/composer": "<0.9-dev",
                "contao/core": "3.0.*"
            },
            "replace": {
                "contao-community-alliance/composer-installer": "1.7.1"
            },
            "require-dev": {
                "composer/composer": "dev-master",
                "contao-community-alliance/build-system": "~1.0",
                "contao-community-alliance/build-system-all-tasks": "~1.0",
                "contao-community-alliance/coding-standard": "~1.0",
                "contao/core": ">=2.11,<4.0"
            },
            "type": "composer-plugin",
            "extra": {
                "class": "ContaoCommunityAlliance\\Composer\\Plugin\\Plugin",
                "branch-alias": {
                    "dev-master": "2.3.x-dev",
                    "dev-develop": "2.4.x-dev"
                }
            },
            "autoload": {
                "psr-0": {
                    "ContaoCommunityAlliance\\Composer\\Plugin": "src/"
                }
            },
            "notification-url": "https://packagist.org/downloads/",
            "license": [
                "LGPL-3.0+"
            ],
            "description": "Composer plugin that provide contao integration and installer.",
            "homepage": "http://c-c-a.org/",
            "time": "2014-11-26 06:24:53"
        },
        {
            "name": "contao/core",
            "version": "3.2.15",
            "source": {
                "type": "git",
                "url": "https://github.com/contao-community-alliance/composerized-contao-core.git",
                "reference": "8e6978c4e174db8bba78ce1567a14959d02ce090"
            },
            "dist": {
                "type": "zip",
                "url": "https://api.github.com/repos/contao-community-alliance/composerized-contao-core/zipball/8e6978c4e174db8bba78ce1567a14959d02ce090",
                "reference": "8e6978c4e174db8bba78ce1567a14959d02ce090",
                "shasum": ""
            },
            "require": {
                "contao-community-alliance/composer-plugin": "*",
                "php": ">=5.3.2"
            },
            "type": "library",
            "autoload": {
                "classmap": [
                    "system/modules"
                ]
            },
            "notification-url": "https://packagist.org/downloads/",
            "license": [
                "LGPL-3.0"
            ],
            "authors": [
                {
                    "name": "Leo Feyer",
                    "email": "github@contao.org",
                    "homepage": "https://contao.org",
                    "role": "Project leader"
                }
            ],
            "description": "Contao Open Source CMS",
            "homepage": "https://contao.org",
            "keywords": [
                "contao",
                "core"
            ],
            "time": "2014-10-31 16:48:38"
        }
    ],
    "packages-dev": [],
    "aliases": [],
    "minimum-stability": "stable",
    "stability-flags": [],
    "prefer-stable": false,
    "platform": [],
    "platform-dev": []
}
